
Microsoft Visual Studio Solution File, Format Version 12.00
# Visual Studio Version 17
VisualStudioVersion = 17.0.32112.339
MinimumVisualStudioVersion = 10.0.40219.1
Project("{FAE04EC0-301F-11D3-BF4B-00C04F79EFBC}") = "Allpax Application", "Allpax Application\Allpax Application.csproj", "{ABDBE1C5-3F64-4CB9-8DB4-F7DE255F3798}"
EndProject
Global
	GlobalSection(SolutionConfigurationPlatforms) = preSolution
		Debug|Any CPU = Debug|Any CPU
		Release|Any CPU = Release|Any CPU
	EndGlobalSection
	GlobalSection(ProjectConfigurationPlatforms) = postSolution
		{ABDBE1C5-3F64-4CB9-8DB4-F7DE255F3798}.Debug|Any CPU.ActiveCfg = Debug|Any CPU
		{ABDBE1C5-3F64-4CB9-8DB4-F7DE255F3798}.Debug|Any CPU.Build.0 = Debug|Any CPU
		{ABDBE1C5-3F64-4CB9-8DB4-F7DE255F3798}.Release|Any CPU.ActiveCfg = Release|Any CPU
		{ABDBE1C5-3F64-4CB9-8DB4-F7DE255F3798}.Release|Any CPU.Build.0 = Release|Any CPU
	EndGlobalSection
	GlobalSection(SolutionProperties) = preSolution
		HideSolutionNode = FALSE
	EndGlobalSection
	GlobalSection(ExtensibilityGlobals) = postSolution
		SolutionGuid = {3606C265-9B44-455A-8882-9C67FABF7F85}
	EndGlobalSection
EndGlobal
